
Microsoft Visual Studio Solution File, Format Version 12.00
# Visual Studio Version 16
VisualStudioVersion = 16.0.31205.134
MinimumVisualStudioVersion = 10.0.40219.1
Project("{8BC9CEB8-8B4A-11D0-8D11-00A0C91BC942}") = "bltb", "bltb\bltb.vcxproj", "{8A38320A-97CA-42AD-B13A-CB3EE31FD56C}"
EndProject
Global
	GlobalSection(SolutionConfigurationPlatforms) = preSolution
		Debug|x64 = Debug|x64
		Debug|x86 = Debug|x86
		Release|x64 = Release|x64
		Release|x86 = Release|x86
	EndGlobalSection
	GlobalSection(ProjectConfigurationPlatforms) = postSolution
		{8A38320A-97CA-42AD-B13A-CB3EE31FD56C}.Debug|x64.ActiveCfg = Debug|x64
		{8A38320A-97CA-42AD-B13A-CB3EE31FD56C}.Debug|x64.Build.0 = Debug|x64
		{8A38320A-97CA-42AD-B13A-CB3EE31FD56C}.Debug|x86.ActiveCfg = Debug|Win32
		{8A38320A-97CA-42AD-B13A-CB3EE31FD56C}.Debug|x86.Build.0 = Debug|Win32
		{8A38320A-97CA-42AD-B13A-CB3EE31FD56C}.Release|x64.ActiveCfg = Release|x64
		{8A38320A-97CA-42AD-B13A-CB3EE31FD56C}.Release|x64.Build.0 = Release|x64
		{8A38320A-97CA-42AD-B13A-CB3EE31FD56C}.Release|x86.ActiveCfg = Release|Win32
		{8A38320A-97CA-42AD-B13A-CB3EE31FD56C}.Release|x86.Build.0 = Release|Win32
	EndGlobalSection
	GlobalSection(SolutionProperties) = preSolution
		HideSolutionNode = FALSE
	EndGlobalSection
	GlobalSection(ExtensibilityGlobals) = postSolution
		SolutionGuid = {9B88159B-7256-4265-84C7-58C4E842F034}
	EndGlobalSection
EndGlobal
